// !$*UTF8*$!
{
	archiveVersion = 1;
	classes = {
	};
	objectVersion = 50;
	objects = {

/* Begin PBXFileReference section */
		BFBD3680252093C300176D96 /* textures */ = {isa = PBXFileReference; lastKnownFileType = folder; path = textures; sourceTree = "<group>"; };
		BFBD3681252093C300176D96 /* nanosuit */ = {isa = PBXFileReference; lastKnownFileType = folder; path = nanosuit; sourceTree = "<group>"; };
		BFBD3682252093C300176D96 /* imgui.o */ = {isa = PBXFileReference; lastKnownFileType = "compiled.mach-o.objfile"; path = imgui.o; sourceTree = "<group>"; };
		BFBD3683252093C300176D96 /* EngineX.o */ = {isa = PBXFileReference; lastKnownFileType = "compiled.mach-o.objfile"; path = EngineX.o; sourceTree = "<group>"; };
		BFBD3684252093C300176D96 /* cube_quads.o */ = {isa = PBXFileReference; lastKnownFileType = "compiled.mach-o.objfile"; path = cube_quads.o; sourceTree = "<group>"; };
		BFBD3685252093C300176D96 /* imgui_draw.o */ = {isa = PBXFileReference; lastKnownFileType = "compiled.mach-o.objfile"; path = imgui_draw.o; sourceTree = "<group>"; };
		BFBD3686252093C300176D96 /* camera.o */ = {isa = PBXFileReference; lastKnownFileType = "compiled.mach-o.objfile"; path = camera.o; sourceTree = "<group>"; };
		BFBD3687252093C300176D96 /* imgui_impl_opengl3.o */ = {isa = PBXFileReference; lastKnownFileType = "compiled.mach-o.objfile"; path = imgui_impl_opengl3.o; sourceTree = "<group>"; };
		BFBD3688252093C300176D96 /* object_picking.o */ = {isa = PBXFileReference; lastKnownFileType = "compiled.mach-o.objfile"; path = object_picking.o; sourceTree = "<group>"; };
		BFBD3689252093C300176D96 /* resources */ = {isa = PBXFileReference; lastKnownFileType = folder; path = resources; sourceTree = "<group>"; };
		BFBD368A252093C300176D96 /* primrestart.cpp */ = {isa = PBXFileReference; lastKnownFileType = sourcecode.cpp.cpp; path = primrestart.cpp; sourceTree = "<group>"; };
		BFBD368B252093C300176D96 /* imguistyleserializer.o */ = {isa = PBXFileReference; lastKnownFileType = "compiled.mach-o.objfile"; path = imguistyleserializer.o; sourceTree = "<group>"; };
		BFBD368C252093C300176D96 /* models */ = {isa = PBXFileReference; lastKnownFileType = folder; path = models; sourceTree = "<group>"; };
		BFBD368D252093C300176D96 /* rendering_quads.cpp */ = {isa = PBXFileReference; lastKnownFileType = sourcecode.cpp.cpp; path = rendering_quads.cpp; sourceTree = "<group>"; };
		BFBD368E252093C300176D96 /* rendering_quads.o */ = {isa = PBXFileReference; lastKnownFileType = "compiled.mach-o.objfile"; path = rendering_quads.o; sourceTree = "<group>"; };
		BFBD368F252093C300176D96 /* engine-X */ = {isa = PBXFileReference; lastKnownFileType = "compiled.mach-o.executable"; path = "engine-X"; sourceTree = "<group>"; };
		BFBD3690252093C300176D96 /* Makefile.rendering_quads */ = {isa = PBXFileReference; lastKnownFileType = text; path = Makefile.rendering_quads; sourceTree = "<group>"; };
		BFBD3691252093C300176D96 /* cube_quads.cpp */ = {isa = PBXFileReference; lastKnownFileType = sourcecode.cpp.cpp; path = cube_quads.cpp; sourceTree = "<group>"; };
		BFBD3692252093C300176D96 /* imgui.ini */ = {isa = PBXFileReference; lastKnownFileType = text; path = imgui.ini; sourceTree = "<group>"; };
		BFBD3693252093C300176D96 /* shaders */ = {isa = PBXFileReference; lastKnownFileType = folder; path = shaders; sourceTree = "<group>"; };
		BFBD3694252093C300176D96 /* imgui_impl_glfw.o */ = {isa = PBXFileReference; lastKnownFileType = "compiled.mach-o.objfile"; path = imgui_impl_glfw.o; sourceTree = "<group>"; };
		BFBD3695252093C300176D96 /* Makefile.cube_quads */ = {isa = PBXFileReference; lastKnownFileType = text; path = Makefile.cube_quads; sourceTree = "<group>"; };
		BFBD3696252093C300176D96 /* u_modelloader.cpp */ = {isa = PBXFileReference; lastKnownFileType = sourcecode.cpp.cpp; path = u_modelloader.cpp; sourceTree = "<group>"; };
		BFBD3697252093C300176D96 /* fip_ImageOperations.o */ = {isa = PBXFileReference; lastKnownFileType = "compiled.mach-o.objfile"; path = fip_ImageOperations.o; sourceTree = "<group>"; };
		BFBD3698252093C300176D96 /* imgui_demo.o */ = {isa = PBXFileReference; lastKnownFileType = "compiled.mach-o.objfile"; path = imgui_demo.o; sourceTree = "<group>"; };
		BFBD3699252093C300176D96 /* Geometry.o */ = {isa = PBXFileReference; lastKnownFileType = "compiled.mach-o.objfile"; path = Geometry.o; sourceTree = "<group>"; };
		BFBD369A252093C300176D96 /* imgui_widgets.o */ = {isa = PBXFileReference; lastKnownFileType = "compiled.mach-o.objfile"; path = imgui_widgets.o; sourceTree = "<group>"; };
/* End PBXFileReference section */

/* Begin PBXGroup section */
		BFBD367A252093C300176D96 = {
			isa = PBXGroup;
			children = (
				BFBD3680252093C300176D96 /* textures */,
				BFBD3681252093C300176D96 /* nanosuit */,
				BFBD3682252093C300176D96 /* imgui.o */,
				BFBD3683252093C300176D96 /* EngineX.o */,
				BFBD3684252093C300176D96 /* cube_quads.o */,
				BFBD3685252093C300176D96 /* imgui_draw.o */,
				BFBD3686252093C300176D96 /* camera.o */,
				BFBD3687252093C300176D96 /* imgui_impl_opengl3.o */,
				BFBD3688252093C300176D96 /* object_picking.o */,
				BFBD3689252093C300176D96 /* resources */,
				BFBD368A252093C300176D96 /* primrestart.cpp */,
				BFBD368B252093C300176D96 /* imguistyleserializer.o */,
				BFBD368C252093C300176D96 /* models */,
				BFBD368D252093C300176D96 /* rendering_quads.cpp */,
				BFBD368E252093C300176D96 /* rendering_quads.o */,
				BFBD368F252093C300176D96 /* engine-X */,
				BFBD3690252093C300176D96 /* Makefile.rendering_quads */,
				BFBD3691252093C300176D96 /* cube_quads.cpp */,
				BFBD3692252093C300176D96 /* imgui.ini */,
				BFBD3693252093C300176D96 /* shaders */,
				BFBD3694252093C300176D96 /* imgui_impl_glfw.o */,
				BFBD3695252093C300176D96 /* Makefile.cube_quads */,
				BFBD3696252093C300176D96 /* u_modelloader.cpp */,
				BFBD3697252093C300176D96 /* fip_ImageOperations.o */,
				BFBD3698252093C300176D96 /* imgui_demo.o */,
				BFBD3699252093C300176D96 /* Geometry.o */,
				BFBD369A252093C300176D96 /* imgui_widgets.o */,
			);
			sourceTree = "<group>";
		};
/* End PBXGroup section */

/* Begin PBXLegacyTarget section */
		BFBD367F252093C300176D96 /* elements_rnd */ = {
			isa = PBXLegacyTarget;
			buildArgumentsString = "$(ACTION)";
			buildConfigurationList = BFBD369B252093C300176D96 /* Build configuration list for PBXLegacyTarget "elements_rnd" */;
			buildPhases = (
			);
			buildToolPath = /usr/bin/make;
			buildWorkingDirectory = "/Users/edselmalasig/dev/engine-X/experiments/elements_rnd";
			dependencies = (
			);
			name = elements_rnd;
			passBuildSettingsInEnvironment = 1;
			productName = elements_rnd;
		};
/* End PBXLegacyTarget section */

/* Begin PBXProject section */
		BFBD367B252093C300176D96 /* Project object */ = {
			isa = PBXProject;
			attributes = {
			};
			buildConfigurationList = BFBD367E252093C300176D96 /* Build configuration list for PBXProject "elements_rnd" */;
			compatibilityVersion = "Xcode 9.3";
			developmentRegion = en;
			hasScannedForEncodings = 0;
			knownRegions = (
				en,
				Base,
			);
			mainGroup = BFBD367A252093C300176D96;
			projectDirPath = "";
			projectRoot = "";
			targets = (
				BFBD367F252093C300176D96 /* elements_rnd */,
			);
		};
/* End PBXProject section */

/* Begin XCBuildConfiguration section */
		BFBD367C252093C300176D96 /* Debug */ = {
			isa = XCBuildConfiguration;
			buildSettings = {
				ARCHS = "$(ARCHS_STANDARD_32_BIT)";
				COPY_PHASE_STRIP = NO;
				GCC_WARN_ABOUT_RETURN_TYPE = YES;
				GCC_WARN_UNUSED_VARIABLE = YES;
				ONLY_ACTIVE_ARCH = YES;
				SDKROOT = macosx10.6;
			};
			name = Debug;
		};
		BFBD367D252093C300176D96 /* Release */ = {
			isa = XCBuildConfiguration;
			buildSettings = {
				ARCHS = "$(ARCHS_STANDARD_32_BIT)";
				COPY_PHASE_STRIP = YES;
				GCC_WARN_ABOUT_RETURN_TYPE = YES;
				GCC_WARN_UNUSED_VARIABLE = YES;
				SDKROOT = macosx10.6;
			};
			name = Release;
		};
		BFBD369C252093C300176D96 /* Debug */ = {
			isa = XCBuildConfiguration;
			buildSettings = {
				COPY_PHASE_STRIP = NO;
				DEBUGGING_SYMBOLS = YES;
				GCC_DYNAMIC_NO_PIC = NO;
				GCC_ENABLE_FIX_AND_CONTINUE = YES;
				GCC_GENERATE_DEBUGGING_SYMBOLS = YES;
				GCC_OPTIMIZATION_LEVEL = 0;
				OTHER_CFLAGS = "";
				OTHER_LDFLAGS = "";
				PRODUCT_NAME = elements_rnd;
			};
			name = Debug;
		};
		BFBD369D252093C300176D96 /* Release */ = {
			isa = XCBuildConfiguration;
			buildSettings = {
				COPY_PHASE_STRIP = YES;
				DEBUG_INFORMATION_FORMAT = "dwarf-with-dsym";
				GCC_ENABLE_FIX_AND_CONTINUE = NO;
				OTHER_CFLAGS = "";
				OTHER_LDFLAGS = "";
				PRODUCT_NAME = elements_rnd;
			};
			name = Release;
		};
/* End XCBuildConfiguration section */

/* Begin XCConfigurationList section */
		BFBD367E252093C300176D96 /* Build configuration list for PBXProject "elements_rnd" */ = {
			isa = XCConfigurationList;
			buildConfigurations = (
				BFBD367C252093C300176D96 /* Debug */,
				BFBD367D252093C300176D96 /* Release */,
			);
			defaultConfigurationIsVisible = 0;
			defaultConfigurationName = Release;
		};
		BFBD369B252093C300176D96 /* Build configuration list for PBXLegacyTarget "elements_rnd" */ = {
			isa = XCConfigurationList;
			buildConfigurations = (
				BFBD369C252093C300176D96 /* Debug */,
				BFBD369D252093C300176D96 /* Release */,
			);
			defaultConfigurationIsVisible = 0;
			defaultConfigurationName = Release;
		};
/* End XCConfigurationList section */
	};
	rootObject = BFBD367B252093C300176D96 /* Project object */;
}
